# This file is autogenerated, do not edit; changes may be undone by the next 'dep ensure'.


[[projects]]
  digest = "1:496d2e3e26b694f99e844181f1e7e9b5eb8445cfb681336a32d92e89955ca69b"
  name = "github.com/aws/aws-lambda-go"
  packages = [
    "lambda",
    "lambda/handlertrace",
    "lambda/messages",
    "lambdacontext",
  ]
  pruneopts = ""
  revision = "13ee4054e1b1f36f0c1329dc1183b1e75decdf63"
  version = "v1.34.1"

[solve-meta]
  analyzer-name = "dep"
  analyzer-version = 1
  input-imports = ["github.com/aws/aws-lambda-go/lambda"]
  solver-name = "gps-cdcl"
  solver-version = 1
